
Microsoft Visual Studio Solution File, Format Version 12.00
# Visual Studio Version 16
VisualStudioVersion = 16.0.30907.101
MinimumVisualStudioVersion = 10.0.40219.1
Project("{FAE04EC0-301F-11D3-BF4B-00C04F79EFBC}") = "ViDu", "ViDu\ViDu.csproj", "{FA5734F5-775C-4CB2-8576-08F268C42773}"
EndProject
Project("{FAE04EC0-301F-11D3-BF4B-00C04F79EFBC}") = "Bai4_1", "Bai4_1\Bai4_1.csproj", "{CF79626C-EA43-41DF-A05F-5EB9C9A850C8}"
EndProject
Project("{FAE04EC0-301F-11D3-BF4B-00C04F79EFBC}") = "Bai4_2", "Bai4_2\Bai4_2.csproj", "{9FD2117E-FB85-4DFF-A9A8-1BD1CC0DDA68}"
EndProject
Global
	GlobalSection(SolutionConfigurationPlatforms) = preSolution
		Debug|Any CPU = Debug|Any CPU
		Release|Any CPU = Release|Any CPU
	EndGlobalSection
	GlobalSection(ProjectConfigurationPlatforms) = postSolution
		{FA5734F5-775C-4CB2-8576-08F268C42773}.Debug|Any CPU.ActiveCfg = Debug|Any CPU
		{FA5734F5-775C-4CB2-8576-08F268C42773}.Debug|Any CPU.Build.0 = Debug|Any CPU
		{FA5734F5-775C-4CB2-8576-08F268C42773}.Release|Any CPU.ActiveCfg = Release|Any CPU
		{FA5734F5-775C-4CB2-8576-08F268C42773}.Release|Any CPU.Build.0 = Release|Any CPU
		{CF79626C-EA43-41DF-A05F-5EB9C9A850C8}.Debug|Any CPU.ActiveCfg = Debug|Any CPU
		{CF79626C-EA43-41DF-A05F-5EB9C9A850C8}.Debug|Any CPU.Build.0 = Debug|Any CPU
		{CF79626C-EA43-41DF-A05F-5EB9C9A850C8}.Release|Any CPU.ActiveCfg = Release|Any CPU
		{CF79626C-EA43-41DF-A05F-5EB9C9A850C8}.Release|Any CPU.Build.0 = Release|Any CPU
		{9FD2117E-FB85-4DFF-A9A8-1BD1CC0DDA68}.Debug|Any CPU.ActiveCfg = Debug|Any CPU
		{9FD2117E-FB85-4DFF-A9A8-1BD1CC0DDA68}.Debug|Any CPU.Build.0 = Debug|Any CPU
		{9FD2117E-FB85-4DFF-A9A8-1BD1CC0DDA68}.Release|Any CPU.ActiveCfg = Release|Any CPU
		{9FD2117E-FB85-4DFF-A9A8-1BD1CC0DDA68}.Release|Any CPU.Build.0 = Release|Any CPU
	EndGlobalSection
	GlobalSection(SolutionProperties) = preSolution
		HideSolutionNode = FALSE
	EndGlobalSection
	GlobalSection(ExtensibilityGlobals) = postSolution
		SolutionGuid = {937A76CC-AB90-47FC-8602-077650096100}
	EndGlobalSection
EndGlobal
