
Microsoft Visual Studio Solution File, Format Version 12.00
# Visual Studio Version 16
VisualStudioVersion = 16.0.31019.35
MinimumVisualStudioVersion = 10.0.40219.1
Project("{FAE04EC0-301F-11D3-BF4B-00C04F79EFBC}") = "BaiTap", "PTB2\BaiTap.csproj", "{6183AFEE-A52E-4E6B-B219-DC40B8D7EC42}"
EndProject
Global
	GlobalSection(SolutionConfigurationPlatforms) = preSolution
		Debug|Any CPU = Debug|Any CPU
		Release|Any CPU = Release|Any CPU
	EndGlobalSection
	GlobalSection(ProjectConfigurationPlatforms) = postSolution
		{6183AFEE-A52E-4E6B-B219-DC40B8D7EC42}.Debug|Any CPU.ActiveCfg = Debug|Any CPU
		{6183AFEE-A52E-4E6B-B219-DC40B8D7EC42}.Debug|Any CPU.Build.0 = Debug|Any CPU
		{6183AFEE-A52E-4E6B-B219-DC40B8D7EC42}.Release|Any CPU.ActiveCfg = Release|Any CPU
		{6183AFEE-A52E-4E6B-B219-DC40B8D7EC42}.Release|Any CPU.Build.0 = Release|Any CPU
	EndGlobalSection
	GlobalSection(SolutionProperties) = preSolution
		HideSolutionNode = FALSE
	EndGlobalSection
	GlobalSection(ExtensibilityGlobals) = postSolution
		SolutionGuid = {4F9DD369-2DF5-4F58-A043-B2175F01870D}
	EndGlobalSection
EndGlobal
